
Microsoft Visual Studio Solution File, Format Version 12.00
# Visual Studio Version 16
VisualStudioVersion = 16.0.31112.23
MinimumVisualStudioVersion = 10.0.40219.1
Project("{9A19103F-16F7-4668-BE54-9A1E7A4F7556}") = "Kev.OpenWeather.API", "Kev.OpenWeather.API\Kev.OpenWeather.API.csproj", "{6E3CC2E5-9383-473E-B446-8C6C79EDB479}"
EndProject
Project("{9A19103F-16F7-4668-BE54-9A1E7A4F7556}") = "Kev.OpenWeather.Core", "Kev.OpenWeather.Core\Kev.OpenWeather.Core.csproj", "{4A391C4E-032C-470F-8D23-F38EBAEDC444}"
EndProject
Project("{FAE04EC0-301F-11D3-BF4B-00C04F79EFBC}") = "Kev.OpenWeather.Test", "Kev.OpenWeather.Test\Kev.OpenWeather.Test.csproj", "{45EB42E6-33C1-492B-8281-68560283F370}"
EndProject
Global
	GlobalSection(SolutionConfigurationPlatforms) = preSolution
		Debug|Any CPU = Debug|Any CPU
		Release|Any CPU = Release|Any CPU
	EndGlobalSection
	GlobalSection(ProjectConfigurationPlatforms) = postSolution
		{6E3CC2E5-9383-473E-B446-8C6C79EDB479}.Debug|Any CPU.ActiveCfg = Debug|Any CPU
		{6E3CC2E5-9383-473E-B446-8C6C79EDB479}.Debug|Any CPU.Build.0 = Debug|Any CPU
		{6E3CC2E5-9383-473E-B446-8C6C79EDB479}.Release|Any CPU.ActiveCfg = Release|Any CPU
		{6E3CC2E5-9383-473E-B446-8C6C79EDB479}.Release|Any CPU.Build.0 = Release|Any CPU
		{4A391C4E-032C-470F-8D23-F38EBAEDC444}.Debug|Any CPU.ActiveCfg = Debug|Any CPU
		{4A391C4E-032C-470F-8D23-F38EBAEDC444}.Debug|Any CPU.Build.0 = Debug|Any CPU
		{4A391C4E-032C-470F-8D23-F38EBAEDC444}.Release|Any CPU.ActiveCfg = Release|Any CPU
		{4A391C4E-032C-470F-8D23-F38EBAEDC444}.Release|Any CPU.Build.0 = Release|Any CPU
		{45EB42E6-33C1-492B-8281-68560283F370}.Debug|Any CPU.ActiveCfg = Debug|Any CPU
		{45EB42E6-33C1-492B-8281-68560283F370}.Debug|Any CPU.Build.0 = Debug|Any CPU
		{45EB42E6-33C1-492B-8281-68560283F370}.Release|Any CPU.ActiveCfg = Release|Any CPU
		{45EB42E6-33C1-492B-8281-68560283F370}.Release|Any CPU.Build.0 = Release|Any CPU
	EndGlobalSection
	GlobalSection(SolutionProperties) = preSolution
		HideSolutionNode = FALSE
	EndGlobalSection
	GlobalSection(ExtensibilityGlobals) = postSolution
		SolutionGuid = {A5141968-2837-4966-8972-F8F92DE134C2}
	EndGlobalSection
EndGlobal
